
Microsoft Visual Studio Solution File, Format Version 12.00
# Visual Studio Version 17
VisualStudioVersion = 17.0.31903.59
MinimumVisualStudioVersion = 10.0.40219.1
Project("{FAE04EC0-301F-11D3-BF4B-00C04F79EFBC}") = "DevIO.UI.AppModelo", "src\DevIO.UI.AppModelo\DevIO.UI.AppModelo.csproj", "{887AA8C3-EBE5-4187-B66C-F4FA639351BD}"
EndProject
Global
	GlobalSection(SolutionConfigurationPlatforms) = preSolution
		Debug|Any CPU = Debug|Any CPU
		Release|Any CPU = Release|Any CPU
	EndGlobalSection
	GlobalSection(ProjectConfigurationPlatforms) = postSolution
		{887AA8C3-EBE5-4187-B66C-F4FA639351BD}.Debug|Any CPU.ActiveCfg = Debug|Any CPU
		{887AA8C3-EBE5-4187-B66C-F4FA639351BD}.Debug|Any CPU.Build.0 = Debug|Any CPU
		{887AA8C3-EBE5-4187-B66C-F4FA639351BD}.Release|Any CPU.ActiveCfg = Release|Any CPU
		{887AA8C3-EBE5-4187-B66C-F4FA639351BD}.Release|Any CPU.Build.0 = Release|Any CPU
	EndGlobalSection
	GlobalSection(SolutionProperties) = preSolution
		HideSolutionNode = FALSE
	EndGlobalSection
	GlobalSection(ExtensibilityGlobals) = postSolution
		SolutionGuid = {D3E7C7E3-7DB0-4197-AC8E-FDA2F8A800AF}
	EndGlobalSection
EndGlobal
